// !$*UTF8*$!
{
	archiveVersion = 1;
	classes = {
	};
	objectVersion = 56;
	objects = {

/* Begin PBXBuildFile section */
		304F47132A56D8C200AE6DB5 /* AppDelegate.swift in Sources */ = {isa = PBXBuildFile; fileRef = 304F47122A56D8C200AE6DB5 /* AppDelegate.swift */; };
		304F47152A56D8C200AE6DB5 /* SceneDelegate.swift in Sources */ = {isa = PBXBuildFile; fileRef = 304F47142A56D8C200AE6DB5 /* SceneDelegate.swift */; };
		304F47172A56D8C200AE6DB5 /* ViewController.swift in Sources */ = {isa = PBXBuildFile; fileRef = 304F47162A56D8C200AE6DB5 /* ViewController.swift */; };
		304F471D2A56D8C200AE6DB5 /* Spot.xcdatamodeld in Sources */ = {isa = PBXBuildFile; fileRef = 304F471B2A56D8C200AE6DB5 /* Spot.xcdatamodeld */; };
		304F471F2A56D8C400AE6DB5 /* Assets.xcassets in Resources */ = {isa = PBXBuildFile; fileRef = 304F471E2A56D8C400AE6DB5 /* Assets.xcassets */; };
		304F47222A56D8C400AE6DB5 /* LaunchScreen.storyboard in Resources */ = {isa = PBXBuildFile; fileRef = 304F47202A56D8C400AE6DB5 /* LaunchScreen.storyboard */; };
		304F47402A5701A500AE6DB5 /* Colors.swift in Sources */ = {isa = PBXBuildFile; fileRef = 304F473F2A5701A500AE6DB5 /* Colors.swift */; };
		304F47422A5701B100AE6DB5 /* Fonts.swift in Sources */ = {isa = PBXBuildFile; fileRef = 304F47412A5701B100AE6DB5 /* Fonts.swift */; };
		304F47442A5701BA00AE6DB5 /* Animations.swift in Sources */ = {isa = PBXBuildFile; fileRef = 304F47432A5701BA00AE6DB5 /* Animations.swift */; };
		304F47462A5701CA00AE6DB5 /* Icons.swift in Sources */ = {isa = PBXBuildFile; fileRef = 304F47452A5701CA00AE6DB5 /* Icons.swift */; };
		304F474F2A57020100AE6DB5 /* arimo_regular.ttf in Resources */ = {isa = PBXBuildFile; fileRef = 304F47472A57020000AE6DB5 /* arimo_regular.ttf */; };
		304F47502A57020100AE6DB5 /* arimo_semibolditalic.ttf in Resources */ = {isa = PBXBuildFile; fileRef = 304F47482A57020000AE6DB5 /* arimo_semibolditalic.ttf */; };
		304F47512A57020100AE6DB5 /* arimo_italic.ttf in Resources */ = {isa = PBXBuildFile; fileRef = 304F47492A57020000AE6DB5 /* arimo_italic.ttf */; };
		304F47522A57020100AE6DB5 /* arimo_mediumitalic.ttf in Resources */ = {isa = PBXBuildFile; fileRef = 304F474A2A57020000AE6DB5 /* arimo_mediumitalic.ttf */; };
		304F47532A57020100AE6DB5 /* arimo_medium.ttf in Resources */ = {isa = PBXBuildFile; fileRef = 304F474B2A57020000AE6DB5 /* arimo_medium.ttf */; };
		304F47542A57020100AE6DB5 /* arimo_bold.ttf in Resources */ = {isa = PBXBuildFile; fileRef = 304F474C2A57020000AE6DB5 /* arimo_bold.ttf */; };
		304F47552A57020100AE6DB5 /* arimo_semibold.ttf in Resources */ = {isa = PBXBuildFile; fileRef = 304F474D2A57020000AE6DB5 /* arimo_semibold.ttf */; };
		304F47562A57020100AE6DB5 /* arimo_bolditalic.ttf in Resources */ = {isa = PBXBuildFile; fileRef = 304F474E2A57020000AE6DB5 /* arimo_bolditalic.ttf */; };
/* End PBXBuildFile section */

/* Begin PBXFileReference section */
		304F470F2A56D8C200AE6DB5 /* Spot.app */ = {isa = PBXFileReference; explicitFileType = wrapper.application; includeInIndex = 0; path = Spot.app; sourceTree = BUILT_PRODUCTS_DIR; };
		304F47122A56D8C200AE6DB5 /* AppDelegate.swift */ = {isa = PBXFileReference; lastKnownFileType = sourcecode.swift; path = AppDelegate.swift; sourceTree = "<group>"; };
		304F47142A56D8C200AE6DB5 /* SceneDelegate.swift */ = {isa = PBXFileReference; lastKnownFileType = sourcecode.swift; path = SceneDelegate.swift; sourceTree = "<group>"; };
		304F47162A56D8C200AE6DB5 /* ViewController.swift */ = {isa = PBXFileReference; lastKnownFileType = sourcecode.swift; path = ViewController.swift; sourceTree = "<group>"; };
		304F471C2A56D8C200AE6DB5 /* Spot.xcdatamodel */ = {isa = PBXFileReference; lastKnownFileType = wrapper.xcdatamodel; path = Spot.xcdatamodel; sourceTree = "<group>"; };
		304F471E2A56D8C400AE6DB5 /* Assets.xcassets */ = {isa = PBXFileReference; lastKnownFileType = folder.assetcatalog; path = Assets.xcassets; sourceTree = "<group>"; };
		304F47212A56D8C400AE6DB5 /* Base */ = {isa = PBXFileReference; lastKnownFileType = file.storyboard; name = Base; path = Base.lproj/LaunchScreen.storyboard; sourceTree = "<group>"; };
		304F47232A56D8C400AE6DB5 /* Info.plist */ = {isa = PBXFileReference; lastKnownFileType = text.plist.xml; path = Info.plist; sourceTree = "<group>"; };
		304F473F2A5701A500AE6DB5 /* Colors.swift */ = {isa = PBXFileReference; lastKnownFileType = sourcecode.swift; path = Colors.swift; sourceTree = "<group>"; };
		304F47412A5701B100AE6DB5 /* Fonts.swift */ = {isa = PBXFileReference; lastKnownFileType = sourcecode.swift; path = Fonts.swift; sourceTree = "<group>"; };
		304F47432A5701BA00AE6DB5 /* Animations.swift */ = {isa = PBXFileReference; lastKnownFileType = sourcecode.swift; path = Animations.swift; sourceTree = "<group>"; };
		304F47452A5701CA00AE6DB5 /* Icons.swift */ = {isa = PBXFileReference; lastKnownFileType = sourcecode.swift; path = Icons.swift; sourceTree = "<group>"; };
		304F47472A57020000AE6DB5 /* arimo_regular.ttf */ = {isa = PBXFileReference; lastKnownFileType = file; path = arimo_regular.ttf; sourceTree = "<group>"; };
		304F47482A57020000AE6DB5 /* arimo_semibolditalic.ttf */ = {isa = PBXFileReference; lastKnownFileType = file; path = arimo_semibolditalic.ttf; sourceTree = "<group>"; };
		304F47492A57020000AE6DB5 /* arimo_italic.ttf */ = {isa = PBXFileReference; lastKnownFileType = file; path = arimo_italic.ttf; sourceTree = "<group>"; };
		304F474A2A57020000AE6DB5 /* arimo_mediumitalic.ttf */ = {isa = PBXFileReference; lastKnownFileType = file; path = arimo_mediumitalic.ttf; sourceTree = "<group>"; };
		304F474B2A57020000AE6DB5 /* arimo_medium.ttf */ = {isa = PBXFileReference; lastKnownFileType = file; path = arimo_medium.ttf; sourceTree = "<group>"; };
		304F474C2A57020000AE6DB5 /* arimo_bold.ttf */ = {isa = PBXFileReference; lastKnownFileType = file; path = arimo_bold.ttf; sourceTree = "<group>"; };
		304F474D2A57020000AE6DB5 /* arimo_semibold.ttf */ = {isa = PBXFileReference; lastKnownFileType = file; path = arimo_semibold.ttf; sourceTree = "<group>"; };
		304F474E2A57020000AE6DB5 /* arimo_bolditalic.ttf */ = {isa = PBXFileReference; lastKnownFileType = file; path = arimo_bolditalic.ttf; sourceTree = "<group>"; };
/* End PBXFileReference section */

/* Begin PBXFrameworksBuildPhase section */
		304F470C2A56D8C200AE6DB5 /* Frameworks */ = {
			isa = PBXFrameworksBuildPhase;
			buildActionMask = 2147483647;
			files = (
			);
			runOnlyForDeploymentPostprocessing = 0;
		};
/* End PBXFrameworksBuildPhase section */

/* Begin PBXGroup section */
		304F47062A56D8C200AE6DB5 = {
			isa = PBXGroup;
			children = (
				304F47112A56D8C200AE6DB5 /* Spot */,
				304F47102A56D8C200AE6DB5 /* Products */,
			);
			sourceTree = "<group>";
		};
		304F47102A56D8C200AE6DB5 /* Products */ = {
			isa = PBXGroup;
			children = (
				304F470F2A56D8C200AE6DB5 /* Spot.app */,
			);
			name = Products;
			sourceTree = "<group>";
		};
		304F47112A56D8C200AE6DB5 /* Spot */ = {
			isa = PBXGroup;
			children = (
				304F47322A5700B200AE6DB5 /* Network */,
				304F47302A57009500AE6DB5 /* Components */,
				304F472E2A57007900AE6DB5 /* Styles */,
				304F472D2A57005300AE6DB5 /* Utilities */,
				304F472C2A57004C00AE6DB5 /* Core */,
				304F472B2A57004700AE6DB5 /* Extensions */,
				304F472A2A57003E00AE6DB5 /* Modules */,
				304F47292A57001C00AE6DB5 /* SupportedFiles */,
				304F47162A56D8C200AE6DB5 /* ViewController.swift */,
				304F47232A56D8C400AE6DB5 /* Info.plist */,
				304F471B2A56D8C200AE6DB5 /* Spot.xcdatamodeld */,
			);
			path = Spot;
			sourceTree = "<group>";
		};
		304F47292A57001C00AE6DB5 /* SupportedFiles */ = {
			isa = PBXGroup;
			children = (
				304F47122A56D8C200AE6DB5 /* AppDelegate.swift */,
				304F47142A56D8C200AE6DB5 /* SceneDelegate.swift */,
				304F471E2A56D8C400AE6DB5 /* Assets.xcassets */,
				304F47202A56D8C400AE6DB5 /* LaunchScreen.storyboard */,
			);
			path = SupportedFiles;
			sourceTree = "<group>";
		};
		304F472A2A57003E00AE6DB5 /* Modules */ = {
			isa = PBXGroup;
			children = (
				304F473A2A57014C00AE6DB5 /* Notifications */,
				304F47392A57013400AE6DB5 /* Add */,
				304F47382A5700F700AE6DB5 /* Search */,
				304F47372A5700ED00AE6DB5 /* Splash */,
				304F47362A5700E600AE6DB5 /* Main */,
				304F47352A5700D500AE6DB5 /* Feed */,
				304F47342A5700CD00AE6DB5 /* Settings */,
				304F47332A5700C600AE6DB5 /* Login */,
				304F47312A5700A000AE6DB5 /* Base */,
			);
			path = Modules;
			sourceTree = "<group>";
		};
		304F472B2A57004700AE6DB5 /* Extensions */ = {
			isa = PBXGroup;
			children = (
			);
			path = Extensions;
			sourceTree = "<group>";
		};
		304F472C2A57004C00AE6DB5 /* Core */ = {
			isa = PBXGroup;
			children = (
			);
			path = Core;
			sourceTree = "<group>";
		};
		304F472D2A57005300AE6DB5 /* Utilities */ = {
			isa = PBXGroup;
			children = (
			);
			path = Utilities;
			sourceTree = "<group>";
		};
		304F472E2A57007900AE6DB5 /* Styles */ = {
			isa = PBXGroup;
			children = (
				304F473B2A57018300AE6DB5 /* Fonts */,
				304F473F2A5701A500AE6DB5 /* Colors.swift */,
				304F47432A5701BA00AE6DB5 /* Animations.swift */,
				304F47452A5701CA00AE6DB5 /* Icons.swift */,
			);
			path = Styles;
			sourceTree = "<group>";
		};
		304F47302A57009500AE6DB5 /* Components */ = {
			isa = PBXGroup;
			children = (
			);
			path = Components;
			sourceTree = "<group>";
		};
		304F47312A5700A000AE6DB5 /* Base */ = {
			isa = PBXGroup;
			children = (
			);
			path = Base;
			sourceTree = "<group>";
		};
		304F47322A5700B200AE6DB5 /* Network */ = {
			isa = PBXGroup;
			children = (
			);
			path = Network;
			sourceTree = "<group>";
		};
		304F47332A5700C600AE6DB5 /* Login */ = {
			isa = PBXGroup;
			children = (
			);
			path = Login;
			sourceTree = "<group>";
		};
		304F47342A5700CD00AE6DB5 /* Settings */ = {
			isa = PBXGroup;
			children = (
			);
			path = Settings;
			sourceTree = "<group>";
		};
		304F47352A5700D500AE6DB5 /* Feed */ = {
			isa = PBXGroup;
			children = (
			);
			path = Feed;
			sourceTree = "<group>";
		};
		304F47362A5700E600AE6DB5 /* Main */ = {
			isa = PBXGroup;
			children = (
			);
			path = Main;
			sourceTree = "<group>";
		};
		304F47372A5700ED00AE6DB5 /* Splash */ = {
			isa = PBXGroup;
			children = (
			);
			path = Splash;
			sourceTree = "<group>";
		};
		304F47382A5700F700AE6DB5 /* Search */ = {
			isa = PBXGroup;
			children = (
			);
			path = Search;
			sourceTree = "<group>";
		};
		304F47392A57013400AE6DB5 /* Add */ = {
			isa = PBXGroup;
			children = (
			);
			path = Add;
			sourceTree = "<group>";
		};
		304F473A2A57014C00AE6DB5 /* Notifications */ = {
			isa = PBXGroup;
			children = (
			);
			path = Notifications;
			sourceTree = "<group>";
		};
		304F473B2A57018300AE6DB5 /* Fonts */ = {
			isa = PBXGroup;
			children = (
				304F47412A5701B100AE6DB5 /* Fonts.swift */,
				304F47572A57021600AE6DB5 /* Arimo */,
			);
			path = Fonts;
			sourceTree = "<group>";
		};
		304F47572A57021600AE6DB5 /* Arimo */ = {
			isa = PBXGroup;
			children = (
				304F474C2A57020000AE6DB5 /* arimo_bold.ttf */,
				304F474E2A57020000AE6DB5 /* arimo_bolditalic.ttf */,
				304F47492A57020000AE6DB5 /* arimo_italic.ttf */,
				304F474B2A57020000AE6DB5 /* arimo_medium.ttf */,
				304F474A2A57020000AE6DB5 /* arimo_mediumitalic.ttf */,
				304F47472A57020000AE6DB5 /* arimo_regular.ttf */,
				304F474D2A57020000AE6DB5 /* arimo_semibold.ttf */,
				304F47482A57020000AE6DB5 /* arimo_semibolditalic.ttf */,
			);
			path = Arimo;
			sourceTree = "<group>";
		};
/* End PBXGroup section */

/* Begin PBXNativeTarget section */
		304F470E2A56D8C200AE6DB5 /* Spot */ = {
			isa = PBXNativeTarget;
			buildConfigurationList = 304F47262A56D8C400AE6DB5 /* Build configuration list for PBXNativeTarget "Spot" */;
			buildPhases = (
				304F470B2A56D8C200AE6DB5 /* Sources */,
				304F470C2A56D8C200AE6DB5 /* Frameworks */,
				304F470D2A56D8C200AE6DB5 /* Resources */,
			);
			buildRules = (
			);
			dependencies = (
			);
			name = Spot;
			productName = Spot;
			productReference = 304F470F2A56D8C200AE6DB5 /* Spot.app */;
			productType = "com.apple.product-type.application";
		};
/* End PBXNativeTarget section */

/* Begin PBXProject section */
		304F47072A56D8C200AE6DB5 /* Project object */ = {
			isa = PBXProject;
			attributes = {
				BuildIndependentTargetsInParallel = 1;
				LastSwiftUpdateCheck = 1430;
				LastUpgradeCheck = 1430;
				TargetAttributes = {
					304F470E2A56D8C200AE6DB5 = {
						CreatedOnToolsVersion = 14.3.1;
					};
				};
			};
			buildConfigurationList = 304F470A2A56D8C200AE6DB5 /* Build configuration list for PBXProject "Spot" */;
			compatibilityVersion = "Xcode 14.0";
			developmentRegion = en;
			hasScannedForEncodings = 0;
			knownRegions = (
				en,
				Base,
			);
			mainGroup = 304F47062A56D8C200AE6DB5;
			productRefGroup = 304F47102A56D8C200AE6DB5 /* Products */;
			projectDirPath = "";
			projectRoot = "";
			targets = (
				304F470E2A56D8C200AE6DB5 /* Spot */,
			);
		};
/* End PBXProject section */

/* Begin PBXResourcesBuildPhase section */
		304F470D2A56D8C200AE6DB5 /* Resources */ = {
			isa = PBXResourcesBuildPhase;
			buildActionMask = 2147483647;
			files = (
				304F47542A57020100AE6DB5 /* arimo_bold.ttf in Resources */,
				304F47512A57020100AE6DB5 /* arimo_italic.ttf in Resources */,
				304F47222A56D8C400AE6DB5 /* LaunchScreen.storyboard in Resources */,
				304F47552A57020100AE6DB5 /* arimo_semibold.ttf in Resources */,
				304F47562A57020100AE6DB5 /* arimo_bolditalic.ttf in Resources */,
				304F47522A57020100AE6DB5 /* arimo_mediumitalic.ttf in Resources */,
				304F474F2A57020100AE6DB5 /* arimo_regular.ttf in Resources */,
				304F47502A57020100AE6DB5 /* arimo_semibolditalic.ttf in Resources */,
				304F47532A57020100AE6DB5 /* arimo_medium.ttf in Resources */,
				304F471F2A56D8C400AE6DB5 /* Assets.xcassets in Resources */,
			);
			runOnlyForDeploymentPostprocessing = 0;
		};
/* End PBXResourcesBuildPhase section */

/* Begin PBXSourcesBuildPhase section */
		304F470B2A56D8C200AE6DB5 /* Sources */ = {
			isa = PBXSourcesBuildPhase;
			buildActionMask = 2147483647;
			files = (
				304F47172A56D8C200AE6DB5 /* ViewController.swift in Sources */,
				304F47402A5701A500AE6DB5 /* Colors.swift in Sources */,
				304F47462A5701CA00AE6DB5 /* Icons.swift in Sources */,
				304F47132A56D8C200AE6DB5 /* AppDelegate.swift in Sources */,
				304F47152A56D8C200AE6DB5 /* SceneDelegate.swift in Sources */,
				304F47422A5701B100AE6DB5 /* Fonts.swift in Sources */,
				304F471D2A56D8C200AE6DB5 /* Spot.xcdatamodeld in Sources */,
				304F47442A5701BA00AE6DB5 /* Animations.swift in Sources */,
			);
			runOnlyForDeploymentPostprocessing = 0;
		};
/* End PBXSourcesBuildPhase section */

/* Begin PBXVariantGroup section */
		304F47202A56D8C400AE6DB5 /* LaunchScreen.storyboard */ = {
			isa = PBXVariantGroup;
			children = (
				304F47212A56D8C400AE6DB5 /* Base */,
			);
			name = LaunchScreen.storyboard;
			sourceTree = "<group>";
		};
/* End PBXVariantGroup section */

/* Begin XCBuildConfiguration section */
		304F47242A56D8C400AE6DB5 /* Debug */ = {
			isa = XCBuildConfiguration;
			buildSettings = {
				ALWAYS_SEARCH_USER_PATHS = NO;
				CLANG_ANALYZER_NONNULL = YES;
				CLANG_ANALYZER_NUMBER_OBJECT_CONVERSION = YES_AGGRESSIVE;
				CLANG_CXX_LANGUAGE_STANDARD = "gnu++20";
				CLANG_ENABLE_MODULES = YES;
				CLANG_ENABLE_OBJC_ARC = YES;
				CLANG_ENABLE_OBJC_WEAK = YES;
				CLANG_WARN_BLOCK_CAPTURE_AUTORELEASING = YES;
				CLANG_WARN_BOOL_CONVERSION = YES;
				CLANG_WARN_COMMA = YES;
				CLANG_WARN_CONSTANT_CONVERSION = YES;
				CLANG_WARN_DEPRECATED_OBJC_IMPLEMENTATIONS = YES;
				CLANG_WARN_DIRECT_OBJC_ISA_USAGE = YES_ERROR;
				CLANG_WARN_DOCUMENTATION_COMMENTS = YES;
				CLANG_WARN_EMPTY_BODY = YES;
				CLANG_WARN_ENUM_CONVERSION = YES;
				CLANG_WARN_INFINITE_RECURSION = YES;
				CLANG_WARN_INT_CONVERSION = YES;
				CLANG_WARN_NON_LITERAL_NULL_CONVERSION = YES;
				CLANG_WARN_OBJC_IMPLICIT_RETAIN_SELF = YES;
				CLANG_WARN_OBJC_LITERAL_CONVERSION = YES;
				CLANG_WARN_OBJC_ROOT_CLASS = YES_ERROR;
				CLANG_WARN_QUOTED_INCLUDE_IN_FRAMEWORK_HEADER = YES;
				CLANG_WARN_RANGE_LOOP_ANALYSIS = YES;
				CLANG_WARN_STRICT_PROTOTYPES = YES;
				CLANG_WARN_SUSPICIOUS_MOVE = YES;
				CLANG_WARN_UNGUARDED_AVAILABILITY = YES_AGGRESSIVE;
				CLANG_WARN_UNREACHABLE_CODE = YES;
				CLANG_WARN__DUPLICATE_METHOD_MATCH = YES;
				COPY_PHASE_STRIP = NO;
				DEBUG_INFORMATION_FORMAT = dwarf;
				ENABLE_STRICT_OBJC_MSGSEND = YES;
				ENABLE_TESTABILITY = YES;
				GCC_C_LANGUAGE_STANDARD = gnu11;
				GCC_DYNAMIC_NO_PIC = NO;
				GCC_NO_COMMON_BLOCKS = YES;
				GCC_OPTIMIZATION_LEVEL = 0;
				GCC_PREPROCESSOR_DEFINITIONS = (
					"DEBUG=1",
					"$(inherited)",
				);
				GCC_WARN_64_TO_32_BIT_CONVERSION = YES;
				GCC_WARN_ABOUT_RETURN_TYPE = YES_ERROR;
				GCC_WARN_UNDECLARED_SELECTOR = YES;
				GCC_WARN_UNINITIALIZED_AUTOS = YES_AGGRESSIVE;
				GCC_WARN_UNUSED_FUNCTION = YES;
				GCC_WARN_UNUSED_VARIABLE = YES;
				IPHONEOS_DEPLOYMENT_TARGET = 16.4;
				MTL_ENABLE_DEBUG_INFO = INCLUDE_SOURCE;
				MTL_FAST_MATH = YES;
				ONLY_ACTIVE_ARCH = YES;
				SDKROOT = iphoneos;
				SWIFT_ACTIVE_COMPILATION_CONDITIONS = DEBUG;
				SWIFT_OPTIMIZATION_LEVEL = "-Onone";
			};
			name = Debug;
		};
		304F47252A56D8C400AE6DB5 /* Release */ = {
			isa = XCBuildConfiguration;
			buildSettings = {
				ALWAYS_SEARCH_USER_PATHS = NO;
				CLANG_ANALYZER_NONNULL = YES;
				CLANG_ANALYZER_NUMBER_OBJECT_CONVERSION = YES_AGGRESSIVE;
				CLANG_CXX_LANGUAGE_STANDARD = "gnu++20";
				CLANG_ENABLE_MODULES = YES;
				CLANG_ENABLE_OBJC_ARC = YES;
				CLANG_ENABLE_OBJC_WEAK = YES;
				CLANG_WARN_BLOCK_CAPTURE_AUTORELEASING = YES;
				CLANG_WARN_BOOL_CONVERSION = YES;
				CLANG_WARN_COMMA = YES;
				CLANG_WARN_CONSTANT_CONVERSION = YES;
				CLANG_WARN_DEPRECATED_OBJC_IMPLEMENTATIONS = YES;
				CLANG_WARN_DIRECT_OBJC_ISA_USAGE = YES_ERROR;
				CLANG_WARN_DOCUMENTATION_COMMENTS = YES;
				CLANG_WARN_EMPTY_BODY = YES;
				CLANG_WARN_ENUM_CONVERSION = YES;
				CLANG_WARN_INFINITE_RECURSION = YES;
				CLANG_WARN_INT_CONVERSION = YES;
				CLANG_WARN_NON_LITERAL_NULL_CONVERSION = YES;
				CLANG_WARN_OBJC_IMPLICIT_RETAIN_SELF = YES;
				CLANG_WARN_OBJC_LITERAL_CONVERSION = YES;
				CLANG_WARN_OBJC_ROOT_CLASS = YES_ERROR;
				CLANG_WARN_QUOTED_INCLUDE_IN_FRAMEWORK_HEADER = YES;
				CLANG_WARN_RANGE_LOOP_ANALYSIS = YES;
				CLANG_WARN_STRICT_PROTOTYPES = YES;
				CLANG_WARN_SUSPICIOUS_MOVE = YES;
				CLANG_WARN_UNGUARDED_AVAILABILITY = YES_AGGRESSIVE;
				CLANG_WARN_UNREACHABLE_CODE = YES;
				CLANG_WARN__DUPLICATE_METHOD_MATCH = YES;
				COPY_PHASE_STRIP = NO;
				DEBUG_INFORMATION_FORMAT = "dwarf-with-dsym";
				ENABLE_NS_ASSERTIONS = NO;
				ENABLE_STRICT_OBJC_MSGSEND = YES;
				GCC_C_LANGUAGE_STANDARD = gnu11;
				GCC_NO_COMMON_BLOCKS = YES;
				GCC_WARN_64_TO_32_BIT_CONVERSION = YES;
				GCC_WARN_ABOUT_RETURN_TYPE = YES_ERROR;
				GCC_WARN_UNDECLARED_SELECTOR = YES;
				GCC_WARN_UNINITIALIZED_AUTOS = YES_AGGRESSIVE;
				GCC_WARN_UNUSED_FUNCTION = YES;
				GCC_WARN_UNUSED_VARIABLE = YES;
				IPHONEOS_DEPLOYMENT_TARGET = 16.4;
				MTL_ENABLE_DEBUG_INFO = NO;
				MTL_FAST_MATH = YES;
				SDKROOT = iphoneos;
				SWIFT_COMPILATION_MODE = wholemodule;
				SWIFT_OPTIMIZATION_LEVEL = "-O";
				VALIDATE_PRODUCT = YES;
			};
			name = Release;
		};
		304F47272A56D8C400AE6DB5 /* Debug */ = {
			isa = XCBuildConfiguration;
			buildSettings = {
				ASSETCATALOG_COMPILER_APPICON_NAME = AppIcon;
				ASSETCATALOG_COMPILER_GLOBAL_ACCENT_COLOR_NAME = AccentColor;
				CODE_SIGN_STYLE = Automatic;
				CURRENT_PROJECT_VERSION = 1;
				DEVELOPMENT_TEAM = 5D7BCH3W4F;
				GENERATE_INFOPLIST_FILE = YES;
				INFOPLIST_FILE = Spot/Info.plist;
				INFOPLIST_KEY_UIApplicationSupportsIndirectInputEvents = YES;
				INFOPLIST_KEY_UILaunchStoryboardName = LaunchScreen;
				INFOPLIST_KEY_UIMainStoryboardFile = "";
				INFOPLIST_KEY_UISupportedInterfaceOrientations_iPad = "UIInterfaceOrientationPortrait UIInterfaceOrientationPortraitUpsideDown UIInterfaceOrientationLandscapeLeft UIInterfaceOrientationLandscapeRight";
				INFOPLIST_KEY_UISupportedInterfaceOrientations_iPhone = "UIInterfaceOrientationPortrait UIInterfaceOrientationLandscapeLeft UIInterfaceOrientationLandscapeRight";
				LD_RUNPATH_SEARCH_PATHS = (
					"$(inherited)",
					"@executable_path/Frameworks",
				);
				MARKETING_VERSION = 1.0;
				PRODUCT_BUNDLE_IDENTIFIER = com.emrecakir.Spot;
				PRODUCT_NAME = "$(TARGET_NAME)";
				SWIFT_EMIT_LOC_STRINGS = YES;
				SWIFT_VERSION = 5.0;
				TARGETED_DEVICE_FAMILY = "1,2";
			};
			name = Debug;
		};
		304F47282A56D8C400AE6DB5 /* Release */ = {
			isa = XCBuildConfiguration;
			buildSettings = {
				ASSETCATALOG_COMPILER_APPICON_NAME = AppIcon;
				ASSETCATALOG_COMPILER_GLOBAL_ACCENT_COLOR_NAME = AccentColor;
				CODE_SIGN_STYLE = Automatic;
				CURRENT_PROJECT_VERSION = 1;
				DEVELOPMENT_TEAM = 5D7BCH3W4F;
				GENERATE_INFOPLIST_FILE = YES;
				INFOPLIST_FILE = Spot/Info.plist;
				INFOPLIST_KEY_UIApplicationSupportsIndirectInputEvents = YES;
				INFOPLIST_KEY_UILaunchStoryboardName = LaunchScreen;
				INFOPLIST_KEY_UIMainStoryboardFile = "";
				INFOPLIST_KEY_UISupportedInterfaceOrientations_iPad = "UIInterfaceOrientationPortrait UIInterfaceOrientationPortraitUpsideDown UIInterfaceOrientationLandscapeLeft UIInterfaceOrientationLandscapeRight";
				INFOPLIST_KEY_UISupportedInterfaceOrientations_iPhone = "UIInterfaceOrientationPortrait UIInterfaceOrientationLandscapeLeft UIInterfaceOrientationLandscapeRight";
				LD_RUNPATH_SEARCH_PATHS = (
					"$(inherited)",
					"@executable_path/Frameworks",
				);
				MARKETING_VERSION = 1.0;
				PRODUCT_BUNDLE_IDENTIFIER = com.emrecakir.Spot;
				PRODUCT_NAME = "$(TARGET_NAME)";
				SWIFT_EMIT_LOC_STRINGS = YES;
				SWIFT_VERSION = 5.0;
				TARGETED_DEVICE_FAMILY = "1,2";
			};
			name = Release;
		};
/* End XCBuildConfiguration section */

/* Begin XCConfigurationList section */
		304F470A2A56D8C200AE6DB5 /* Build configuration list for PBXProject "Spot" */ = {
			isa = XCConfigurationList;
			buildConfigurations = (
				304F47242A56D8C400AE6DB5 /* Debug */,
				304F47252A56D8C400AE6DB5 /* Release */,
			);
			defaultConfigurationIsVisible = 0;
			defaultConfigurationName = Release;
		};
		304F47262A56D8C400AE6DB5 /* Build configuration list for PBXNativeTarget "Spot" */ = {
			isa = XCConfigurationList;
			buildConfigurations = (
				304F47272A56D8C400AE6DB5 /* Debug */,
				304F47282A56D8C400AE6DB5 /* Release */,
			);
			defaultConfigurationIsVisible = 0;
			defaultConfigurationName = Release;
		};
/* End XCConfigurationList section */

/* Begin XCVersionGroup section */
		304F471B2A56D8C200AE6DB5 /* Spot.xcdatamodeld */ = {
			isa = XCVersionGroup;
			children = (
				304F471C2A56D8C200AE6DB5 /* Spot.xcdatamodel */,
			);
			currentVersion = 304F471C2A56D8C200AE6DB5 /* Spot.xcdatamodel */;
			path = Spot.xcdatamodeld;
			sourceTree = "<group>";
			versionGroupType = wrapper.xcdatamodel;
		};
/* End XCVersionGroup section */
	};
	rootObject = 304F47072A56D8C200AE6DB5 /* Project object */;
}
